
Microsoft Visual Studio Solution File, Format Version 12.00
# Visual Studio Version 16
VisualStudioVersion = 16.0.29709.97
MinimumVisualStudioVersion = 10.0.40219.1
Project("{9A19103F-16F7-4668-BE54-9A1E7A4F7556}") = "Demo", "Demo\Demo.csproj", "{21D4F3AD-3E32-4A8D-A31C-6A301B507A1B}"
EndProject
Project("{9A19103F-16F7-4668-BE54-9A1E7A4F7556}") = "MobileCoachDirectScale", "..\MobileCoachDirectScale\MobileCoachDirectScale\MobileCoachDirectScale.csproj", "{A31BD928-2E61-4861-8384-5B55799A17A9}"
EndProject
Global
	GlobalSection(SolutionConfigurationPlatforms) = preSolution
		Debug|Any CPU = Debug|Any CPU
		Debug|x64 = Debug|x64
		Release|Any CPU = Release|Any CPU
		Release|x64 = Release|x64
	EndGlobalSection
	GlobalSection(ProjectConfigurationPlatforms) = postSolution
		{21D4F3AD-3E32-4A8D-A31C-6A301B507A1B}.Debug|Any CPU.ActiveCfg = Debug|Any CPU
		{21D4F3AD-3E32-4A8D-A31C-6A301B507A1B}.Debug|Any CPU.Build.0 = Debug|Any CPU
		{21D4F3AD-3E32-4A8D-A31C-6A301B507A1B}.Debug|x64.ActiveCfg = Debug|Any CPU
		{21D4F3AD-3E32-4A8D-A31C-6A301B507A1B}.Debug|x64.Build.0 = Debug|Any CPU
		{21D4F3AD-3E32-4A8D-A31C-6A301B507A1B}.Release|Any CPU.ActiveCfg = Release|Any CPU
		{21D4F3AD-3E32-4A8D-A31C-6A301B507A1B}.Release|Any CPU.Build.0 = Release|Any CPU
		{21D4F3AD-3E32-4A8D-A31C-6A301B507A1B}.Release|x64.ActiveCfg = Release|Any CPU
		{21D4F3AD-3E32-4A8D-A31C-6A301B507A1B}.Release|x64.Build.0 = Release|Any CPU
		{A31BD928-2E61-4861-8384-5B55799A17A9}.Debug|Any CPU.ActiveCfg = Debug|Any CPU
		{A31BD928-2E61-4861-8384-5B55799A17A9}.Debug|Any CPU.Build.0 = Debug|Any CPU
		{A31BD928-2E61-4861-8384-5B55799A17A9}.Debug|x64.ActiveCfg = Debug|Any CPU
		{A31BD928-2E61-4861-8384-5B55799A17A9}.Debug|x64.Build.0 = Debug|Any CPU
		{A31BD928-2E61-4861-8384-5B55799A17A9}.Release|Any CPU.ActiveCfg = Release|Any CPU
		{A31BD928-2E61-4861-8384-5B55799A17A9}.Release|Any CPU.Build.0 = Release|Any CPU
		{A31BD928-2E61-4861-8384-5B55799A17A9}.Release|x64.ActiveCfg = Release|Any CPU
		{A31BD928-2E61-4861-8384-5B55799A17A9}.Release|x64.Build.0 = Release|Any CPU
	EndGlobalSection
	GlobalSection(SolutionProperties) = preSolution
		HideSolutionNode = FALSE
	EndGlobalSection
	GlobalSection(ExtensibilityGlobals) = postSolution
		SolutionGuid = {0640AD20-8F64-45F8-9196-D21047082DC5}
	EndGlobalSection
EndGlobal
